
Microsoft Visual Studio Solution File, Format Version 12.00
Project("{FAE04EC0-301F-11D3-BF4B-00C04F79EFBC}") = "EFImplicitConversion", "EFImplicitConversion\EFImplicitConversion.csproj", "{AD5446CB-D869-413A-B23F-236D8D834209}"
EndProject
Global
	GlobalSection(SolutionConfigurationPlatforms) = preSolution
		Debug|Any CPU = Debug|Any CPU
		Release|Any CPU = Release|Any CPU
	EndGlobalSection
	GlobalSection(ProjectConfigurationPlatforms) = postSolution
		{AD5446CB-D869-413A-B23F-236D8D834209}.Debug|Any CPU.ActiveCfg = Debug|Any CPU
		{AD5446CB-D869-413A-B23F-236D8D834209}.Debug|Any CPU.Build.0 = Debug|Any CPU
		{AD5446CB-D869-413A-B23F-236D8D834209}.Release|Any CPU.ActiveCfg = Release|Any CPU
		{AD5446CB-D869-413A-B23F-236D8D834209}.Release|Any CPU.Build.0 = Release|Any CPU
	EndGlobalSection
EndGlobal
